lockfileVersion: '9.0'

settings:
  autoInstallPeers: true
  excludeLinksFromLockfile: false

importers:

  .: {}

  apps/a:
    devDependencies:
      '@amplitude/analytics-types':
        specifier: 2.5.0
        version: 2.5.0
      '@graphql-codegen/typescript-react-query':
        specifier: 7.0.5
        version: 7.0.5(graphql@16.14.2)

packages:

  '@amplitude/analytics-types@2.5.0':
    resolution: {integrity: sha512-aY69WxUvVlaCU+9geShjTsAYdUTvegEXH9i4WK/97kNbNLl4/7qUuIPe4hNireDeKLuQA9SA3H7TKynuNomDxw==}

  '@ardatan/relay-compiler@13.0.2':
    resolution: {integrity: sha512-VFpv9UP820SiwDUPYtq7PmD3jifzZlevkQ26bhbSzFeruSTys0eHzQCZyKg+IhgmZzwPI9AFjPe26ABNjGeIKg==}
    peerDependencies:
      graphql: '*'

  '@babel/runtime@8.0.5':
    resolution: {integrity: sha512-7NK+Lz3spQ52XsUGTxIEVU4jYN2/dIaX8sTxRFAUtYmttYZnVh3aehiihv+/Gb7+duMNHl2OrFcBQRyOHScxpg==}

  '@graphql-codegen/plugin-helpers@7.3.0':
    resolution: {integrity: sha512-aaGfI/8Q8wmdO1nx1NMWGoZn/5Tl5TNOVQSI2qkGhk8h8Z8Uc6grFH0O6//HdHfqnUsiruBbe3IaK4/ah3sWcQ==}
    engines: {node: '>=16'}
    peerDependencies:
      graphql: ^0.8.0 || ^0.9.0 || ^0.10.0 || ^0.11.0 || ^0.12.0 || ^0.13.0 || ^14.0.0 || ^15.0.0 || ^16.0.0 || ^17.0.0

  '@graphql-codegen/typescript-react-query@7.0.5':
    resolution: {integrity: sha512-CcqohWg47jsSY3HFkbrzK/UE8CaCIdmeXR3uVYyCmYBXzPUB6kP6OLP1BVcb7KBPLQC2XCuiwAV07NCumKfHqw==}
    engines: {node: '>= 16.0.0'}
    peerDependencies:
      graphql: ^0.8.0 || ^0.9.0 || ^0.10.0 || ^0.11.0 || ^0.12.0 || ^0.13.0 || ^14.0.0 || ^15.0.0 || ^16.0.0

  '@graphql-codegen/visitor-plugin-common@7.2.5':
    resolution: {integrity: sha512-hqOemBp0Ue+WSmk8EDcKP+lghuLC2zsI+jHzSUuoffTZnEN2qZH4VP2C9c1fVd2yy6v+YQiiObOarTMaqF4q9w==}
    engines: {node: '>=16'}
    peerDependencies:
      graphql: ^0.8.0 || ^0.9.0 || ^0.10.0 || ^0.11.0 || ^0.12.0 || ^0.13.0 || ^14.0.0 || ^15.0.0 || ^16.0.0 || ^17.0.0

  '@graphql-tools/optimize@2.0.1':
    resolution: {integrity: sha512-I63H75wg7SD/+iPj+QdvZgvul0dxxf/el18Yiry5zmwKeqRvzcm6l2KUYRNgMR/ydytp0VuHw3XeyGhPWGigAg==}
    engines: {node: '>=16.0.0'}
    peerDependencies:
      graphql: ^14.0.0 || ^15.0.0 || ^16.0.0 || ^17.0.0

  '@graphql-tools/relay-operation-optimizer@7.1.10':
    resolution: {integrity: sha512-dCZAyUQkrrC0R3SOIRMUXaCct/uMOJeNmI028yJH6kd6lZzjIVPaX/6NLl6opg1pYdUkjOQ+SiyfTKNmuS71gA==}
    engines: {node: '>=16.0.0'}
    peerDependencies:
      graphql: ^14.0.0 || ^15.0.0 || ^16.0.0 || ^17.0.0

  '@graphql-tools/utils@11.2.2':
    resolution: {integrity: sha512-Do2A/t6ayqOma8m7PvpYMsCBswL+NB35BQSng4GWSBqafL2/BnfAZy/NSENPwV721Rm2fG0BHETFC0+FJJZmLw==}
    engines: {node: '>=16.0.0'}
    peerDependencies:
      graphql: ^14.0.0 || ^15.0.0 || ^16.0.0 || ^17.0.0

  '@graphql-tools/utils@12.0.1':
    resolution: {integrity: sha512-8YC6jn4xYDS6YTY6xDAgQAs/nGgvzRaIGHS8GeSfVItQzNK7Ms24CQtE3EJY+amvR+tBnhRSX0N83aGj+V/RIg==}
    engines: {node: '>=16.0.0'}
    peerDependencies:
      graphql: ^14.0.0 || ^15.0.0 || ^16.0.0 || ^17.0.0

  '@graphql-typed-document-node/core@3.2.0':
    resolution: {integrity: sha512-mB9oAsNCm9aM3/SOv4YtBMqZbYj10R7dkq8byBqxGY/ncFwhf2oQzMV+LCRlWoDSEBJ3COiR1yeDvMtsoOsuFQ==}
    peerDependencies:
      graphql: ^0.8.0 || ^0.9.0 || ^0.10.0 || ^0.11.0 || ^0.12.0 || ^0.13.0 || ^14.0.0 || ^15.0.0 || ^16.0.0 || ^17.0.0

  '@whatwg-node/promise-helpers@1.3.2':
    resolution: {integrity: sha512-Nst5JdK47VIl9UcGwtv2Rcgyn5lWtZ0/mhRQ4G8NN2isxpq2TO30iqHzmwoJycjWuyUfg3GFXqP/gFHXeV57IA==}
    engines: {node: '>=16.0.0'}

  auto-bind@4.0.0:
    resolution: {integrity: sha512-Hdw8qdNiqdJ8LqT0iK0sVzkFbzg6fhnQqqfWhBDxcHZvU75+B+ayzTy8x+k5Ix0Y92XOhOUlx74ps+bA6BeYMQ==}
    engines: {node: '>=8'}

  auto-bind@5.0.1:
    resolution: {integrity: sha512-ooviqdwwgfIfNmDwo94wlshcdzfO64XV0Cg6oDsDYBJfITDz1EngD2z7DkbvCWn+XIMsIqW27sEVF6qcpJrRcg==}
    engines: {node: ^12.20.0 || ^14.13.1 || >=16.0.0}

  camel-case@4.1.2:
    resolution: {integrity: sha512-gxGWBrTT1JuMx6R+o5PTXMmUnhnVzLQ9SNutD4YqKtI6ap897t3tKECYla6gCWEkplXnlNybEkZg9GEGxKFCgw==}

  capital-case@1.0.4:
    resolution: {integrity: sha512-ds37W8CytHgwnhGGTi88pcPyR15qoNkOpYwmMMfnWqqWgESapLqvDx6huFjQ5vqWSn2Z06173XNA7LtMOeUh1A==}

  change-case-all@1.0.15:
    resolution: {integrity: sha512-3+GIFhk3sNuvFAJKU46o26OdzudQlPNBCu1ZQi3cMeMHhty1bhDxu2WrEilVNYaGvqUtR1VSigFcJOiS13dRhQ==}

  change-case-all@2.1.0:
    resolution: {integrity: sha512-v6b0WWWkZUMHVuYk82l+WROgkUm4qEN2w5hKRNWtEOYwWqUGoi8C6xH0l1RLF1EoWqDFK6MFclmN3od6ws3/uw==}

  change-case@4.1.2:
    resolution: {integrity: sha512-bSxY2ws9OtviILG1EiY5K7NNxkqg/JnRnFxLtKQ96JaviiIxi7djMrSd0ECT9AC+lttClmYwKw53BWpOMblo7A==}

  change-case@5.4.4:
    resolution: {integrity: sha512-HRQyTk2/YPEkt9TnUPbOpr64Uw3KOicFWPVBb+xiHvd6eBx/qPr9xqfBFDT8P2vWsvvz4jbEkfDe71W3VyNu2w==}

  common-tags@1.8.2:
    resolution: {integrity: sha512-gk/Z852D2Wtb//0I+kRFNKKE9dIIVirjoqPoA1wJU+XePVXZfGeBpk45+A1rKO4Q43prqWBNY/MiIeRLbPWUaA==}
    engines: {node: '>=4.0.0'}

  constant-case@3.0.4:
    resolution: {integrity: sha512-I2hSBi7Vvs7BEuJDr5dDHfzb/Ruj3FyvFyh7KLilAjNQw3Be+xgqUBA2W6scVEcL0hL1dwPRtIqEPVUCKkSsyQ==}

  cross-inspect@1.0.1:
    resolution: {integrity: sha512-Pcw1JTvZLSJH83iiGWt6fRcT+BjZlCDRVwYLbUcHzv/CRpB7r0MlSrGbIyQvVSNyGnbt7G4AXuyCiDR3POvZ1A==}
    engines: {node: '>=16.0.0'}

  dependency-graph@1.0.0:
    resolution: {integrity: sha512-cW3gggJ28HZ/LExwxP2B++aiKxhJXMSIt9K48FOXQkm+vuG5gyatXnLsONRJdzO/7VfjDIiaOOa/bs4l464Lwg==}
    engines: {node: '>=4'}

  dot-case@3.0.4:
    resolution: {integrity: sha512-Kv5nKlh6yRrdrGvxeJ2e5y2eRUpkUosIW4A2AS38zwSz27zu7ufDwQPi5Jhs3XAlGNetl3bmnGhQsMtkKJnj3w==}

  graphql-tag@2.12.7:
    resolution: {integrity: sha512-xnE/NFzy+0eIesvAsREJZ284zTl/wYuBAvpsFSDhRGRdRHdnE90M21Q3xAWyYInb0J756c6x0pIQ62+vtvOs1Q==}
    engines: {node: '>=10'}
    peerDependencies:
      graphql: ^0.9.0 || ^0.10.0 || ^0.11.0 || ^0.12.0 || ^0.13.0 || ^14.0.0 || ^15.0.0 || ^16.0.0 || ^17.0.0

  graphql@16.14.2:
    resolution: {integrity: sha512-Chq1s4CY7jmh8gO2qvLIJyfCDIN+EHLFW/9iShnp1z8FjBQMoodWP1kDC36VAMXXIvAjj4ARa7ntfAV2BrjsbA==}
    engines: {node: ^12.22.0 || ^14.16.0 || ^16.0.0 || >=17.0.0}

  header-case@2.0.4:
    resolution: {integrity: sha512-H/vuk5TEEVZwrR0lp2zed9OCo1uAILMlx0JEMgC26rzyJJ3N1v6XkwHHXJQdR2doSjcGPM6OKPYoJgf0plJ11Q==}

  immutable@5.1.9:
    resolution: {integrity: sha512-m8nVez3rwrgmWxtLMt1ZYXB2Lv7OKYn/disyxAlSDYAlKSlFoPPfIAmAM/M5xqL4m4C/wAPw7S2/CNaUii1Hxg==}

  import-from@4.0.0:
    resolution: {integrity: sha512-P9J71vT5nLlDeV8FHs5nNxaLbrpfAV5cF5srvbZfpwpcJoM/xZR3hiv+q+SAnuSmuGbXMWud063iIMx/V/EWZQ==}
    engines: {node: '>=12.2'}

  invariant@2.2.4:
    resolution: {integrity: sha512-phJfQVBuaJM5raOpJjSfkiD6BpbCE4Ns//LaXl6wGYtUBY83nWS6Rf9tXm2e8VaK60JEjYldbPif/A2B1C2gNA==}

  is-absolute@1.0.0:
    resolution: {integrity: sha512-dOWoqflvcydARa360Gvv18DZ/gRuHKi2NU/wU5X1ZFzdYfH29nkiNZsF3mp4OJ3H4yo9Mx8A/uAGNzpzPN3yBA==}
    engines: {node: '>=0.10.0'}

  is-lower-case@2.0.2:
    resolution: {integrity: sha512-bVcMJy4X5Og6VZfdOZstSexlEy20Sr0k/p/b2IlQJlfdKAQuMpiv5w2Ccxb8sKdRUNAG1PnHVHjFSdRDVS6NlQ==}

  is-relative@1.0.0:
    resolution: {integrity: sha512-Kw/ReK0iqwKeu0MITLFuj0jbPAmEiOsIwyIXvvbfa6QfmN9pkD1M+8pdk7Rl/dTKbH34/XBFMbgD4iMJhLQbGA==}
    engines: {node: '>=0.10.0'}

  is-unc-path@1.0.0:
    resolution: {integrity: sha512-mrGpVd0fs7WWLfVsStvgF6iEJnbjDFZh9/emhRDcGWTduTfNHd9CHeUwH3gYIjdbwo4On6hunkztwOaAw0yllQ==}
    engines: {node: '>=0.10.0'}

  is-upper-case@2.0.2:
    resolution: {integrity: sha512-44pxmxAvnnAOwBg4tHPnkfvgjPwbc5QIsSstNU+YcJ1ovxVzCWpSGosPJOZh/a1tdl81fbgnLc9LLv+x2ywbPQ==}

  is-windows@1.0.2:
    resolution: {integrity: sha512-eXK1UInq2bPmjyX6e3VHIzMLobc4J94i4AWn+Hpq3OU5KkrRC96OAcR3PRJ/pGu6m8TRnBHP9dkXQVsT/COVIA==}
    engines: {node: '>=0.10.0'}

  js-tokens@4.0.0:
    resolution: {integrity: sha512-RdJUflcE3cUzKiMqQgsCu06FPu9UdIJO0beYbPhHN4k6apgJtifcoCtT9bcxOpYBtpD2kCM6Sbzg4CausW/PKQ==}

  loose-envify@1.4.0:
    resolution: {integrity: sha512-lyuxPGr/Wfhrlem2CL/UcnUc1zcqKAImBDzukY7Y5F/yQiNdko6+fRLevlw1HgMySw7f611UIY408EtxRSoK3Q==}
    hasBin: true

  lower-case-first@2.0.2:
    resolution: {integrity: sha512-EVm/rR94FJTZi3zefZ82fLWab+GX14LJN4HrWBcuo6Evmsl9hEfnqxgcHCKb9q+mNf6EVdsjx/qucYFIIB84pg==}

  lower-case@2.0.2:
    resolution: {integrity: sha512-7fm3l3NAF9WfN6W3JOmf5drwpVqX78JtoGJ3A6W0a6ZnldM41w2fV5D490psKFTpMds8TJse/eHLFFsNHHjHgg==}

  map-cache@0.2.2:
    resolution: {integrity: sha512-8y/eV9QQZCiyn1SprXSrCmqJN0yNRATe+PO8ztwqrvrbdRLA3eYJF0yaR0YayLWkMbsQSKWS9N2gPcGEc4UsZg==}
    engines: {node: '>=0.10.0'}

  no-case@3.0.4:
    resolution: {integrity: sha512-fgAN3jGAh+RoxUGZHTSOLJIqUc2wmoBwGR4tbpNAKmmovFoWq0OdRkb0VkldReO2a2iBT/OEulG9XSUc10r3zg==}

  param-case@3.0.4:
    resolution: {integrity: sha512-RXlj7zCYokReqWpOPH9oYivUzLYZ5vAPIfEmCTNViosC78F8F0H9y7T7gG2M39ymgutxF5gcFEsyZQSph9Bp3A==}

  parse-filepath@1.0.2:
    resolution: {integrity: sha512-FwdRXKCohSVeXqwtYonZTXtbGJKrn+HNyWDYVcp5yuJlesTwNH4rsmRZ+GrKAPJ5bLpRxESMeS+Rl0VCHRvB2Q==}
    engines: {node: '>=0.8'}

  pascal-case@3.1.2:
    resolution: {integrity: sha512-uWlGT3YSnK9x3BQJaOdcZwrnV6hPpd8jFH1/ucpiLRPh/2zCVJKS19E4GvYHvaCcACn3foXZ0cLB9Wrx1KGe5g==}

  path-case@3.0.4:
    resolution: {integrity: sha512-qO4qCFjXqVTrcbPt/hQfhTQ+VhFsqNKOPtytgNKkKxSoEp3XPUQ8ObFuePylOIok5gjn69ry8XiULxCwot3Wfg==}

  path-root-regex@0.1.2:
    resolution: {integrity: sha512-4GlJ6rZDhQZFE0DPVKh0e9jmZ5egZfxTkp7bcRDuPlJXbAwhxcl2dINPUAsjLdejqaLsCeg8axcLjIbvBjN4pQ==}
    engines: {node: '>=0.10.0'}

  path-root@0.1.1:
    resolution: {integrity: sha512-QLcPegTHF11axjfojBIoDygmS2E3Lf+8+jI6wOVmNVenrKSo3mFdSGiIgdSHenczw3wPtlVMQaFVwGmM7BJdtg==}
    engines: {node: '>=0.10.0'}

  sentence-case@3.0.4:
    resolution: {integrity: sha512-8LS0JInaQMCRoQ7YUytAo/xUu5W2XnQxV2HI/6uM6U7CITS1RqPElr30V6uIqyMKM9lJGRVFy5/4CuzcixNYSg==}

  snake-case@3.0.4:
    resolution: {integrity: sha512-LAOh4z89bGQvl9pFfNF8V146i7o7/CqFPbqzYgP+yYzDIDeS9HaNFtXABamRW+AQzEVODcvE79ljJ+8a9YSdMg==}

  sponge-case@1.0.1:
    resolution: {integrity: sha512-dblb9Et4DAtiZ5YSUZHLl4XhH4uK80GhAZrVXdN4O2P4gQ40Wa5UIOPUHlA/nFd2PLblBZWUioLMMAVrgpoYcA==}

  sponge-case@2.0.3:
    resolution: {integrity: sha512-i4h9ZGRfxV6Xw3mpZSFOfbXjf0cQcYmssGWutgNIfFZ2VM+YIWfD71N/kjjwK6X/AAHzBr+rciEcn/L34S8TGw==}

  swap-case@2.0.2:
    resolution: {integrity: sha512-kc6S2YS/2yXbtkSMunBtKdah4VFETZ8Oh6ONSmSd9bRxhqTrtARUCBUiWXH3xVPpvR7tz2CSnkuXVE42EcGnMw==}

  swap-case@3.0.3:
    resolution: {integrity: sha512-6p4op8wE9CQv7uDFzulI6YXUw4lD9n4oQierdbFThEKVWVQcbQcUjdP27W8XE7V4QnWmnq9jueSHceyyQnqQVA==}

  title-case@3.0.3:
    resolution: {integrity: sha512-e1zGYRvbffpcHIrnuqT0Dh+gEJtDaxDSoG4JAIpq4oDFyooziLBIiYQv0GBT4FUAnUop5uZ1hiIAj7oAF6sOCA==}

  tslib@2.8.1:
    resolution: {integrity: sha512-oJFu94HQb+KVduSUQL7wnpmqnfmLsOA/nAh6b6EH0wCEoK0/mPeXU6c3wKDV83MkOuHPRHtSXKKU99IBazS/2w==}

  unc-path-regex@0.1.2:
    resolution: {integrity: sha512-eXL4nmJT7oCpkZsHZUOJo8hcX3GbsiDOa0Qu9F646fi8dT3XuSVopVqAcEiVzSKKH7UoDti23wNX3qGFxcW5Qg==}
    engines: {node: '>=0.10.0'}

  upper-case-first@2.0.2:
    resolution: {integrity: sha512-514ppYHBaKwfJRK/pNC6c/OxfGa0obSnAl106u97Ed0I625Nin96KAjttZF6ZL3e1XLtphxnqrOi9iWgm+u+bg==}

  upper-case@2.0.2:
    resolution: {integrity: sha512-KgdgDGJt2TpuwBUIjgG6lzw2GWFRCW9Qkfkiv0DxqHHLYJHmtmdUIKcZd8rHgFSjopVTlw6ggzCm1b8MFQwikg==}

snapshots:

  '@amplitude/analytics-types@2.5.0': {}

  '@ardatan/relay-compiler@13.0.2(graphql@16.14.2)':
    dependencies:
      '@babel/runtime': 8.0.5
      graphql: 16.14.2
      immutable: 5.1.9
      invariant: 2.2.4

  '@babel/runtime@8.0.5': {}

  '@graphql-codegen/plugin-helpers@7.3.0(graphql@16.14.2)':
    dependencies:
      '@graphql-tools/utils': 11.2.2(graphql@16.14.2)
      change-case-all: 2.1.0
      common-tags: 1.8.2
      graphql: 16.14.2
      import-from: 4.0.0
      tslib: 2.8.1

  '@graphql-codegen/typescript-react-query@7.0.5(graphql@16.14.2)':
    dependencies:
      '@graphql-codegen/plugin-helpers': 7.3.0(graphql@16.14.2)
      '@graphql-codegen/visitor-plugin-common': 7.2.5(graphql@16.14.2)
      auto-bind: 4.0.0
      change-case-all: 1.0.15
      graphql: 16.14.2
      tslib: 2.8.1

  '@graphql-codegen/visitor-plugin-common@7.2.5(graphql@16.14.2)':
    dependencies:
      '@graphql-codegen/plugin-helpers': 7.3.0(graphql@16.14.2)
      '@graphql-tools/optimize': 2.0.1(graphql@16.14.2)
      '@graphql-tools/relay-operation-optimizer': 7.1.10(graphql@16.14.2)
      '@graphql-tools/utils': 11.2.2(graphql@16.14.2)
      auto-bind: 5.0.1
      change-case-all: 2.1.0
      dependency-graph: 1.0.0
      graphql: 16.14.2
      graphql-tag: 2.12.7(graphql@16.14.2)
      parse-filepath: 1.0.2
      tslib: 2.8.1

  '@graphql-tools/optimize@2.0.1(graphql@16.14.2)':
    dependencies:
      graphql: 16.14.2
      tslib: 2.8.1

  '@graphql-tools/relay-operation-optimizer@7.1.10(graphql@16.14.2)':
    dependencies:
      '@ardatan/relay-compiler': 13.0.2(graphql@16.14.2)
      '@graphql-tools/utils': 12.0.1(graphql@16.14.2)
      graphql: 16.14.2
      tslib: 2.8.1

  '@graphql-tools/utils@11.2.2(graphql@16.14.2)':
    dependencies:
      '@graphql-typed-document-node/core': 3.2.0(graphql@16.14.2)
      '@whatwg-node/promise-helpers': 1.3.2
      cross-inspect: 1.0.1
      graphql: 16.14.2
      tslib: 2.8.1

  '@graphql-tools/utils@12.0.1(graphql@16.14.2)':
    dependencies:
      '@graphql-typed-document-node/core': 3.2.0(graphql@16.14.2)
      '@whatwg-node/promise-helpers': 1.3.2
      cross-inspect: 1.0.1
      graphql: 16.14.2
      tslib: 2.8.1

  '@graphql-typed-document-node/core@3.2.0(graphql@16.14.2)':
    dependencies:
      graphql: 16.14.2

  '@whatwg-node/promise-helpers@1.3.2':
    dependencies:
      tslib: 2.8.1

  auto-bind@4.0.0: {}

  auto-bind@5.0.1: {}

  camel-case@4.1.2:
    dependencies:
      pascal-case: 3.1.2
      tslib: 2.8.1

  capital-case@1.0.4:
    dependencies:
      no-case: 3.0.4
      tslib: 2.8.1
      upper-case-first: 2.0.2

  change-case-all@1.0.15:
    dependencies:
      change-case: 4.1.2
      is-lower-case: 2.0.2
      is-upper-case: 2.0.2
      lower-case: 2.0.2
      lower-case-first: 2.0.2
      sponge-case: 1.0.1
      swap-case: 2.0.2
      title-case: 3.0.3
      upper-case: 2.0.2
      upper-case-first: 2.0.2

  change-case-all@2.1.0:
    dependencies:
      change-case: 5.4.4
      sponge-case: 2.0.3
      swap-case: 3.0.3
      title-case: 3.0.3

  change-case@4.1.2:
    dependencies:
      camel-case: 4.1.2
      capital-case: 1.0.4
      constant-case: 3.0.4
      dot-case: 3.0.4
      header-case: 2.0.4
      no-case: 3.0.4
      param-case: 3.0.4
      pascal-case: 3.1.2
      path-case: 3.0.4
      sentence-case: 3.0.4
      snake-case: 3.0.4
      tslib: 2.8.1

  change-case@5.4.4: {}

  common-tags@1.8.2: {}

  constant-case@3.0.4:
    dependencies:
      no-case: 3.0.4
      tslib: 2.8.1
      upper-case: 2.0.2

  cross-inspect@1.0.1:
    dependencies:
      tslib: 2.8.1

  dependency-graph@1.0.0: {}

  dot-case@3.0.4:
    dependencies:
      no-case: 3.0.4
      tslib: 2.8.1

  graphql-tag@2.12.7(graphql@16.14.2):
    dependencies:
      graphql: 16.14.2
      tslib: 2.8.1

  graphql@16.14.2: {}

  header-case@2.0.4:
    dependencies:
      capital-case: 1.0.4
      tslib: 2.8.1

  immutable@5.1.9: {}

  import-from@4.0.0: {}

  invariant@2.2.4:
    dependencies:
      loose-envify: 1.4.0

  is-absolute@1.0.0:
    dependencies:
      is-relative: 1.0.0
      is-windows: 1.0.2

  is-lower-case@2.0.2:
    dependencies:
      tslib: 2.8.1

  is-relative@1.0.0:
    dependencies:
      is-unc-path: 1.0.0

  is-unc-path@1.0.0:
    dependencies:
      unc-path-regex: 0.1.2

  is-upper-case@2.0.2:
    dependencies:
      tslib: 2.8.1

  is-windows@1.0.2: {}

  js-tokens@4.0.0: {}

  loose-envify@1.4.0:
    dependencies:
      js-tokens: 4.0.0

  lower-case-first@2.0.2:
    dependencies:
      tslib: 2.8.1

  lower-case@2.0.2:
    dependencies:
      tslib: 2.8.1

  map-cache@0.2.2: {}

  no-case@3.0.4:
    dependencies:
      lower-case: 2.0.2
      tslib: 2.8.1

  param-case@3.0.4:
    dependencies:
      dot-case: 3.0.4
      tslib: 2.8.1

  parse-filepath@1.0.2:
    dependencies:
      is-absolute: 1.0.0
      map-cache: 0.2.2
      path-root: 0.1.1

  pascal-case@3.1.2:
    dependencies:
      no-case: 3.0.4
      tslib: 2.8.1

  path-case@3.0.4:
    dependencies:
      dot-case: 3.0.4
      tslib: 2.8.1

  path-root-regex@0.1.2: {}

  path-root@0.1.1:
    dependencies:
      path-root-regex: 0.1.2

  sentence-case@3.0.4:
    dependencies:
      no-case: 3.0.4
      tslib: 2.8.1
      upper-case-first: 2.0.2

  snake-case@3.0.4:
    dependencies:
      dot-case: 3.0.4
      tslib: 2.8.1

  sponge-case@1.0.1:
    dependencies:
      tslib: 2.8.1

  sponge-case@2.0.3: {}

  swap-case@2.0.2:
    dependencies:
      tslib: 2.8.1

  swap-case@3.0.3: {}

  title-case@3.0.3:
    dependencies:
      tslib: 2.8.1

  tslib@2.8.1: {}

  unc-path-regex@0.1.2: {}

  upper-case-first@2.0.2:
    dependencies:
      tslib: 2.8.1

  upper-case@2.0.2:
    dependencies:
      tslib: 2.8.1
